Microsoft Visual Studio Solution File, Format Version 11.00
# Visual Studio 2008

Project("{25485047-8E35-5E27-9C6F-634262B26CD4}") = "UST Escape", "Assembly-CSharp.csproj", "{EF1F5E57-1EAD-FDBD-B9B1-FB2E7FFD9F74}"
EndProject
Project("{25485047-8E35-5E27-9C6F-634262B26CD4}") = "UST Escape", "Assembly-UnityScript.unityproj", "{AF9B9575-1403-235B-BE77-EE5F787B7873}"
EndProject
Project("{25485047-8E35-5E27-9C6F-634262B26CD4}") = "UST Escape", "Assembly-UnityScript-Editor.unityproj", "{0B238CC4-82E4-7261-FEF4-D94297669C92}"
EndProject
Global
	GlobalSection(SolutionConfigurationPlatforms) = preSolution
		Debug|Any CPU = Debug|Any CPU
		Release|Any CPU = Release|Any CPU
	EndGlobalSection
	GlobalSection(ProjectConfigurationPlatforms) = postSolution
		{EF1F5E57-1EAD-FDBD-B9B1-FB2E7FFD9F74}.Debug|Any CPU.ActiveCfg = Debug|Any CPU
		{EF1F5E57-1EAD-FDBD-B9B1-FB2E7FFD9F74}.Debug|Any CPU.Build.0 = Debug|Any CPU
		{EF1F5E57-1EAD-FDBD-B9B1-FB2E7FFD9F74}.Release|Any CPU.ActiveCfg = Release|Any CPU
		{EF1F5E57-1EAD-FDBD-B9B1-FB2E7FFD9F74}.Release|Any CPU.Build.0 = Release|Any CPU
		{AF9B9575-1403-235B-BE77-EE5F787B7873}.Debug|Any CPU.ActiveCfg = Debug|Any CPU
		{AF9B9575-1403-235B-BE77-EE5F787B7873}.Debug|Any CPU.Build.0 = Debug|Any CPU
		{AF9B9575-1403-235B-BE77-EE5F787B7873}.Release|Any CPU.ActiveCfg = Release|Any CPU
		{AF9B9575-1403-235B-BE77-EE5F787B7873}.Release|Any CPU.Build.0 = Release|Any CPU
		{0B238CC4-82E4-7261-FEF4-D94297669C92}.Debug|Any CPU.ActiveCfg = Debug|Any CPU
		{0B238CC4-82E4-7261-FEF4-D94297669C92}.Debug|Any CPU.Build.0 = Debug|Any CPU
		{0B238CC4-82E4-7261-FEF4-D94297669C92}.Release|Any CPU.ActiveCfg = Release|Any CPU
		{0B238CC4-82E4-7261-FEF4-D94297669C92}.Release|Any CPU.Build.0 = Release|Any CPU
	EndGlobalSection
	GlobalSection(SolutionProperties) = preSolution
		HideSolutionNode = FALSE
	EndGlobalSection
																GlobalSection(MonoDevelopProperties) = preSolution
		StartupItem = Assembly-CSharp.csproj
		Policies = $0
		$0.TextStylePolicy = $1
		$1.inheritsSet = null
		$1.scope = text/x-csharp
		$0.CSharpFormattingPolicy = $2
		$2.inheritsSet = Mono
		$2.inheritsScope = text/x-csharp
		$2.scope = text/x-csharp
		$0.TextStylePolicy = $3
		$3.FileWidth = 120
		$3.TabWidth = 4
		$3.EolMarker = Unix
		$3.inheritsSet = Mono
		$3.inheritsScope = text/plain
		$3.scope = text/plain
	EndGlobalSection

EndGlobal
